# THIS IS AN AUTOGENERATED FILE. DO NOT EDIT THIS FILE DIRECTLY.
# yarn lockfile v1


"@aws-crypto/ie11-detection@^2.0.0":
  version "2.0.2"
  resolved "https://registry.yarnpkg.com/@aws-crypto/ie11-detection/-/ie11-detection-2.0.2.tgz#9c39f4a5558196636031a933ec1b4792de959d6a"
  integrity sha512-5XDMQY98gMAf/WRTic5G++jfmS/VLM0rwpiOpaainKi4L0nqWMSB1SzsrEG5rjFZGYN6ZAefO+/Yta2dFM0kMw==
  dependencies:
    tslib "^1.11.1"

"@aws-crypto/sha256-browser@2.0.0":
  version "2.0.0"
  resolved "https://registry.yarnpkg.com/@aws-crypto/sha256-browser/-/sha256-browser-2.0.0.tgz#741c9024df55ec59b51e5b1f5d806a4852699fb5"
  integrity sha512-rYXOQ8BFOaqMEHJrLHul/25ckWH6GTJtdLSajhlqGMx0PmSueAuvboCuZCTqEKlxR8CQOwRarxYMZZSYlhRA1A==
  dependencies:
    "@aws-crypto/ie11-detection" "^2.0.0"
    "@aws-crypto/sha256-js" "^2.0.0"
    "@aws-crypto/supports-web-crypto" "^2.0.0"
    "@aws-crypto/util" "^2.0.0"
    "@aws-sdk/types" "^3.1.0"
    "@aws-sdk/util-locate-window" "^3.0.0"
    "@aws-sdk/util-utf8-browser" "^3.0.0"
    tslib "^1.11.1"

"@aws-crypto/sha256-js@2.0.0":
  version "2.0.0"
  resolved "https://registry.yarnpkg.com/@aws-crypto/sha256-js/-/sha256-js-2.0.0.tgz#f1f936039bdebd0b9e2dd834d65afdc2aac4efcb"
  integrity sha512-VZY+mCY4Nmrs5WGfitmNqXzaE873fcIZDu54cbaDaaamsaTOP1DBImV9F4pICc3EHjQXujyE8jig+PFCaew9ig==
  dependencies:
    "@aws-crypto/util" "^2.0.0"
    "@aws-sdk/types" "^3.1.0"
    tslib "^1.11.1"

"@aws-crypto/sha256-js@^2.0.0":
  version "2.0.2"
  resolved "https://registry.yarnpkg.com/@aws-crypto/sha256-js/-/sha256-js-2.0.2.tgz#c81e5d378b8a74ff1671b58632779986e50f4c99"
  integrity sha512-iXLdKH19qPmIC73fVCrHWCSYjN/sxaAvZ3jNNyw6FclmHyjLKg0f69WlC9KTnyElxCR5MO9SKaG00VwlJwyAkQ==
  dependencies:
    "@aws-crypto/util" "^2.0.2"
    "@aws-sdk/types" "^3.110.0"
    tslib "^1.11.1"

"@aws-crypto/supports-web-crypto@^2.0.0":
  version "2.0.2"
  resolved "https://registry.yarnpkg.com/@aws-crypto/supports-web-crypto/-/supports-web-crypto-2.0.2.tgz#9f02aafad8789cac9c0ab5faaebb1ab8aa841338"
  integrity sha512-6mbSsLHwZ99CTOOswvCRP3C+VCWnzBf+1SnbWxzzJ9lR0mA0JnY2JEAhp8rqmTE0GPFy88rrM27ffgp62oErMQ==
  dependencies:
    tslib "^1.11.1"

"@aws-crypto/util@^2.0.0", "@aws-crypto/util@^2.0.2":
  version "2.0.2"
  resolved "https://registry.yarnpkg.com/@aws-crypto/util/-/util-2.0.2.tgz#adf5ff5dfbc7713082f897f1d01e551ce0edb9c0"
  integrity sha512-Lgu5v/0e/BcrZ5m/IWqzPUf3UYFTy/PpeED+uc9SWUR1iZQL8XXbGQg10UfllwwBryO3hFF5dizK+78aoXC1eA==
  dependencies:
    "@aws-sdk/types" "^3.110.0"
    "@aws-sdk/util-utf8-browser" "^3.0.0"
    tslib "^1.11.1"

"@aws-sdk/abort-controller@3.226.0":
  version "3.226.0"
  resolved "https://registry.yarnpkg.com/@aws-sdk/abort-controller/-/abort-controller-3.226.0.tgz#3adffb8ee5af57ddb154e8544a8eeec76ad32271"
  integrity sha512-cJVzr1xxPBd08voknXvR0RLgtZKGKt6WyDpH/BaPCu3rfSqWCDZKzwqe940eqosjmKrxC6pUZNKASIqHOQ8xxQ==
  dependencies:
    "@aws-sdk/types" "3.226.0"
    tslib "^2.3.1"

"@aws-sdk/client-dynamodb@^3.245.0":
  version "3.245.0"
  resolved "https://registry.yarnpkg.com/@aws-sdk/client-dynamodb/-/client-dynamodb-3.245.0.tgz#860846276a26930c65128310b753c7a17c653088"
  integrity sha512-k9zPoUXQ6o91iAIceaDyz1p1tXhA3gcmw4R0oB6gREDGc9bkIqBzwS6+Zu8m4B2PPhZQIl9uMpktHw9NPyMRxA==
  dependencies:
    "@aws-crypto/sha256-browser" "2.0.0"
    "@aws-crypto/sha256-js" "2.0.0"
    "@aws-sdk/client-sts" "3.245.0"
    "@aws-sdk/config-resolver" "3.234.0"
    "@aws-sdk/credential-provider-node" "3.245.0"
    "@aws-sdk/fetch-http-handler" "3.226.0"
    "@aws-sdk/hash-node" "3.226.0"
    "@aws-sdk/invalid-dependency" "3.226.0"
    "@aws-sdk/middleware-content-length" "3.226.0"
    "@aws-sdk/middleware-endpoint" "3.226.0"
    "@aws-sdk/middleware-endpoint-discovery" "3.234.0"
    "@aws-sdk/middleware-host-header" "3.226.0"
    "@aws-sdk/middleware-logger" "3.226.0"
    "@aws-sdk/middleware-recursion-detection" "3.226.0"
    "@aws-sdk/middleware-retry" "3.235.0"
    "@aws-sdk/middleware-serde" "3.226.0"
    "@aws-sdk/middleware-signing" "3.226.0"
    "@aws-sdk/middleware-stack" "3.226.0"
    "@aws-sdk/middleware-user-agent" "3.226.0"
    "@aws-sdk/node-config-provider" "3.226.0"
    "@aws-sdk/node-http-handler" "3.226.0"
    "@aws-sdk/protocol-http" "3.226.0"
    "@aws-sdk/smithy-client" "3.234.0"
    "@aws-sdk/types" "3.226.0"
    "@aws-sdk/url-parser" "3.226.0"
    "@aws-sdk/util-base64" "3.208.0"
    "@aws-sdk/util-body-length-browser" "3.188.0"
    "@aws-sdk/util-body-length-node" "3.208.0"
    "@aws-sdk/util-defaults-mode-browser" "3.234.0"
    "@aws-sdk/util-defaults-mode-node" "3.234.0"
    "@aws-sdk/util-endpoints" "3.245.0"
    "@aws-sdk/util-retry" "3.229.0"
    "@aws-sdk/util-user-agent-browser" "3.226.0"
    "@aws-sdk/util-user-agent-node" "3.226.0"
    "@aws-sdk/util-utf8-browser" "3.188.0"
    "@aws-sdk/util-utf8-node" "3.208.0"
    "@aws-sdk/util-waiter" "3.226.0"
    tslib "^2.3.1"
    uuid "^8.3.2"

"@aws-sdk/client-sso-oidc@3.245.0":
  version "3.245.0"
  resolved "https://registry.yarnpkg.com/@aws-sdk/client-sso-oidc/-/client-sso-oidc-3.245.0.tgz#3235c856c7bd2ceddf9ac1bda6d599465b8e3dd7"
  integrity sha512-0pGPA00kEsu2Yq1Ul+OwftHxws5YVllm4iZrPtGnqmXr7wmf6B9lOtrMQF44y7Tfw53po6+bKz08OKTEWkkjUA==
  dependencies:
    "@aws-crypto/sha256-browser" "2.0.0"
    "@aws-crypto/sha256-js" "2.0.0"
    "@aws-sdk/config-resolver" "3.234.0"
    "@aws-sdk/fetch-http-handler" "3.226.0"
    "@aws-sdk/hash-node" "3.226.0"
    "@aws-sdk/invalid-dependency" "3.226.0"
    "@aws-sdk/middleware-content-length" "3.226.0"
    "@aws-sdk/middleware-endpoint" "3.226.0"
    "@aws-sdk/middleware-host-header" "3.226.0"
    "@aws-sdk/middleware-logger" "3.226.0"
    "@aws-sdk/middleware-recursion-detection" "3.226.0"
    "@aws-sdk/middleware-retry" "3.235.0"
    "@aws-sdk/middleware-serde" "3.226.0"
    "@aws-sdk/middleware-stack" "3.226.0"
    "@aws-sdk/middleware-user-agent" "3.226.0"
    "@aws-sdk/node-config-provider" "3.226.0"
    "@aws-sdk/node-http-handler" "3.226.0"
    "@aws-sdk/protocol-http" "3.226.0"
    "@aws-sdk/smithy-client" "3.234.0"
    "@aws-sdk/types" "3.226.0"
    "@aws-sdk/url-parser" "3.226.0"
    "@aws-sdk/util-base64" "3.208.0"
    "@aws-sdk/util-body-length-browser" "3.188.0"
    "@aws-sdk/util-body-length-node" "3.208.0"
    "@aws-sdk/util-defaults-mode-browser" "3.234.0"
    "@aws-sdk/util-defaults-mode-node" "3.234.0"
    "@aws-sdk/util-endpoints" "3.245.0"
    "@aws-sdk/util-retry" "3.229.0"
    "@aws-sdk/util-user-agent-browser" "3.226.0"
    "@aws-sdk/util-user-agent-node" "3.226.0"
    "@aws-sdk/util-utf8-browser" "3.188.0"
    "@aws-sdk/util-utf8-node" "3.208.0"
    tslib "^2.3.1"

"@aws-sdk/client-sso@3.245.0":
  version "3.245.0"
  resolved "https://registry.yarnpkg.com/@aws-sdk/client-sso/-/client-sso-3.245.0.tgz#91ee2973c9cc052cc3afcecd789cd53ffc9a1950"
  integrity sha512-dxzRwRo55ZNQ4hQigC+cishxLSWlBrbr3iszG0FLviavLDOlnVG5UUxWpOIGvwr8pYiSfM4jnfMxiwYwiCLg1g==
  dependencies:
    "@aws-crypto/sha256-browser" "2.0.0"
    "@aws-crypto/sha256-js" "2.0.0"
    "@aws-sdk/config-resolver" "3.234.0"
    "@aws-sdk/fetch-http-handler" "3.226.0"
    "@aws-sdk/hash-node" "3.226.0"
    "@aws-sdk/invalid-dependency" "3.226.0"
    "@aws-sdk/middleware-content-length" "3.226.0"
    "@aws-sdk/middleware-endpoint" "3.226.0"
    "@aws-sdk/middleware-host-header" "3.226.0"
    "@aws-sdk/middleware-logger" "3.226.0"
    "@aws-sdk/middleware-recursion-detection" "3.226.0"
    "@aws-sdk/middleware-retry" "3.235.0"
    "@aws-sdk/middleware-serde" "3.226.0"
    "@aws-sdk/middleware-stack" "3.226.0"
    "@aws-sdk/middleware-user-agent" "3.226.0"
    "@aws-sdk/node-config-provider" "3.226.0"
    "@aws-sdk/node-http-handler" "3.226.0"
    "@aws-sdk/protocol-http" "3.226.0"
    "@aws-sdk/smithy-client" "3.234.0"
    "@aws-sdk/types" "3.226.0"
    "@aws-sdk/url-parser" "3.226.0"
    "@aws-sdk/util-base64" "3.208.0"
    "@aws-sdk/util-body-length-browser" "3.188.0"
    "@aws-sdk/util-body-length-node" "3.208.0"
    "@aws-sdk/util-defaults-mode-browser" "3.234.0"
    "@aws-sdk/util-defaults-mode-node" "3.234.0"
    "@aws-sdk/util-endpoints" "3.245.0"
    "@aws-sdk/util-retry" "3.229.0"
    "@aws-sdk/util-user-agent-browser" "3.226.0"
    "@aws-sdk/util-user-agent-node" "3.226.0"
    "@aws-sdk/util-utf8-browser" "3.188.0"
    "@aws-sdk/util-utf8-node" "3.208.0"
    tslib "^2.3.1"

"@aws-sdk/client-sts@3.245.0":
  version "3.245.0"
  resolved "https://registry.yarnpkg.com/@aws-sdk/client-sts/-/client-sts-3.245.0.tgz#c1c46ca94d11786cf67a5f5adb6a44cd35d73546"
  integrity sha512-E+7v2sy34TLni/Dmz6bTU20NWvbHYH9sVUHKQ9kHhmFopUWrs4Nt77f85PbuiKJz/irjUh9ppT5q1odJNRKRVQ==
  dependencies:
    "@aws-crypto/sha256-browser" "2.0.0"
    "@aws-crypto/sha256-js" "2.0.0"
    "@aws-sdk/config-resolver" "3.234.0"
    "@aws-sdk/credential-provider-node" "3.245.0"
    "@aws-sdk/fetch-http-handler" "3.226.0"
    "@aws-sdk/hash-node" "3.226.0"
    "@aws-sdk/invalid-dependency" "3.226.0"
    "@aws-sdk/middleware-content-length" "3.226.0"
    "@aws-sdk/middleware-endpoint" "3.226.0"
    "@aws-sdk/middleware-host-header" "3.226.0"
    "@aws-sdk/middleware-logger" "3.226.0"
    "@aws-sdk/middleware-recursion-detection" "3.226.0"
    "@aws-sdk/middleware-retry" "3.235.0"
    "@aws-sdk/middleware-sdk-sts" "3.226.0"
    "@aws-sdk/middleware-serde" "3.226.0"
    "@aws-sdk/middleware-signing" "3.226.0"
    "@aws-sdk/middleware-stack" "3.226.0"
    "@aws-sdk/middleware-user-agent" "3.226.0"
    "@aws-sdk/node-config-provider" "3.226.0"
    "@aws-sdk/node-http-handler" "3.226.0"
    "@aws-sdk/protocol-http" "3.226.0"
    "@aws-sdk/smithy-client" "3.234.0"
    "@aws-sdk/types" "3.226.0"
    "@aws-sdk/url-parser" "3.226.0"
    "@aws-sdk/util-base64" "3.208.0"
    "@aws-sdk/util-body-length-browser" "3.188.0"
    "@aws-sdk/util-body-length-node" "3.208.0"
    "@aws-sdk/util-defaults-mode-browser" "3.234.0"
    "@aws-sdk/util-defaults-mode-node" "3.234.0"
    "@aws-sdk/util-endpoints" "3.245.0"
    "@aws-sdk/util-retry" "3.229.0"
    "@aws-sdk/util-user-agent-browser" "3.226.0"
    "@aws-sdk/util-user-agent-node" "3.226.0"
    "@aws-sdk/util-utf8-browser" "3.188.0"
    "@aws-sdk/util-utf8-node" "3.208.0"
    fast-xml-parser "4.0.11"
    tslib "^2.3.1"

"@aws-sdk/config-resolver@3.234.0":
  version "3.234.0"
  resolved "https://registry.yarnpkg.com/@aws-sdk/config-resolver/-/config-resolver-3.234.0.tgz#29d8936b713b7ee59b26b335d4f6715d644fc089"
  integrity sha512-uZxy4wzllfvgCQxVc+Iqhde0NGAnfmV2hWR6ejadJaAFTuYNvQiRg9IqJy3pkyDPqXySiJ8Bom5PoJfgn55J/A==
  dependencies:
    "@aws-sdk/signature-v4" "3.226.0"
    "@aws-sdk/types" "3.226.0"
    "@aws-sdk/util-config-provider" "3.208.0"
    "@aws-sdk/util-middleware" "3.226.0"
    tslib "^2.3.1"

"@aws-sdk/credential-provider-env@3.226.0":
  version "3.226.0"
  resolved "https://registry.yarnpkg.com/@aws-sdk/credential-provider-env/-/credential-provider-env-3.226.0.tgz#0bcb89a9abc166b3a48f5c255b9fcabc4cb80daf"
  integrity sha512-sd8uK1ojbXxaZXlthzw/VXZwCPUtU3PjObOfr3Evj7MPIM2IH8h29foOlggx939MdLQGboJf9gKvLlvKDWtJRA==
  dependencies:
    "@aws-sdk/property-provider" "3.226.0"
    "@aws-sdk/types" "3.226.0"
    tslib "^2.3.1"

"@aws-sdk/credential-provider-imds@3.226.0":
  version "3.226.0"
  resolved "https://registry.yarnpkg.com/@aws-sdk/credential-provider-imds/-/credential-provider-imds-3.226.0.tgz#0a4558449eb261412b0490ea1c3242eb91659759"
  integrity sha512-//z/COQm2AjYFI1Lb0wKHTQSrvLFTyuKLFQGPJsKS7DPoxGOCKB7hmYerlbl01IDoCxTdyL//TyyPxbZEOQD5Q==
  dependencies:
    "@aws-sdk/node-config-provider" "3.226.0"
    "@aws-sdk/property-provider" "3.226.0"
    "@aws-sdk/types" "3.226.0"
    "@aws-sdk/url-parser" "3.226.0"
    tslib "^2.3.1"

"@aws-sdk/credential-provider-ini@3.245.0":
  version "3.245.0"
  resolved "https://registry.yarnpkg.com/@aws-sdk/credential-provider-ini/-/credential-provider-ini-3.245.0.tgz#6d2b35603c831366cb66f7c651a75c3afd54ad24"
  integrity sha512-1SjfVc5Wg0lLRUvwMrfjGgFkl+zfxn74gnkPr6by1QyMAoTzmeUkalPLAIqd+uHtFom9e3K633BQtX7zVPZ5XQ==
  dependencies:
    "@aws-sdk/credential-provider-env" "3.226.0"
    "@aws-sdk/credential-provider-imds" "3.226.0"
    "@aws-sdk/credential-provider-process" "3.226.0"
    "@aws-sdk/credential-provider-sso" "3.245.0"
    "@aws-sdk/credential-provider-web-identity" "3.226.0"
    "@aws-sdk/property-provider" "3.226.0"
    "@aws-sdk/shared-ini-file-loader" "3.226.0"
    "@aws-sdk/types" "3.226.0"
    tslib "^2.3.1"

"@aws-sdk/credential-provider-node@3.245.0":
  version "3.245.0"
  resolved "https://registry.yarnpkg.com/@aws-sdk/credential-provider-node/-/credential-provider-node-3.245.0.tgz#3df89fa2668940902b4c16c28df3d4e30b907ad2"
  integrity sha512-Dwv8zmRLTDLeEkGrK/sLNFZSC+ahXZxr07CuID054QKACIdUEvkqYlnalRiTeXngiHGQ54u8wU7f0D32R2oL0g==
  dependencies:
    "@aws-sdk/credential-provider-env" "3.226.0"
    "@aws-sdk/credential-provider-imds" "3.226.0"
    "@aws-sdk/credential-provider-ini" "3.245.0"
    "@aws-sdk/credential-provider-process" "3.226.0"
    "@aws-sdk/credential-provider-sso" "3.245.0"
    "@aws-sdk/credential-provider-web-identity" "3.226.0"
    "@aws-sdk/property-provider" "3.226.0"
    "@aws-sdk/shared-ini-file-loader" "3.226.0"
    "@aws-sdk/types" "3.226.0"
    tslib "^2.3.1"

"@aws-sdk/credential-provider-process@3.226.0":
  version "3.226.0"
  resolved "https://registry.yarnpkg.com/@aws-sdk/credential-provider-process/-/credential-provider-process-3.226.0.tgz#bcd73a6d31d1b3181917d56e54aacbee242b077f"
  integrity sha512-iUDMdnrTvbvaCFhWwqyXrhvQ9+ojPqPqXhwZtY1X/Qaz+73S9gXBPJHZaZb2Ke0yKE1Ql3bJbKvmmxC/qLQMng==
  dependencies:
    "@aws-sdk/property-provider" "3.226.0"
    "@aws-sdk/shared-ini-file-loader" "3.226.0"
    "@aws-sdk/types" "3.226.0"
    tslib "^2.3.1"

"@aws-sdk/credential-provider-sso@3.245.0":
  version "3.245.0"
  resolved "https://registry.yarnpkg.com/@aws-sdk/credential-provider-sso/-/credential-provider-sso-3.245.0.tgz#e5ea2db3d94e0bcc1af276c42363a9855294d812"
  integrity sha512-txWrJc0WNBhXMi7q+twjx7cs/qzgTfbQ+vbag5idRmdoUeiR8rfLvihCab2NaGg50xhh+TaoUCXrgJp3E/XjYQ==
  dependencies:
    "@aws-sdk/client-sso" "3.245.0"
    "@aws-sdk/property-provider" "3.226.0"
    "@aws-sdk/shared-ini-file-loader" "3.226.0"
    "@aws-sdk/token-providers" "3.245.0"
    "@aws-sdk/types" "3.226.0"
    tslib "^2.3.1"

"@aws-sdk/credential-provider-web-identity@3.226.0":
  version "3.226.0"
  resolved "https://registry.yarnpkg.com/@aws-sdk/credential-provider-web-identity/-/credential-provider-web-identity-3.226.0.tgz#2b7d20f93a40e2243c7e3857f54b103d19a946fb"
  integrity sha512-CCpv847rLB0SFOHz2igvUMFAzeT2fD3YnY4C8jltuJoEkn0ITn1Hlgt13nTJ5BUuvyti2mvyXZHmNzhMIMrIlw==
  dependencies:
    "@aws-sdk/property-provider" "3.226.0"
    "@aws-sdk/types" "3.226.0"
    tslib "^2.3.1"

"@aws-sdk/endpoint-cache@3.208.0":
  version "3.208.0"
  resolved "https://registry.yarnpkg.com/@aws-sdk/endpoint-cache/-/endpoint-cache-3.208.0.tgz#bd3083c3b85985fb04ec0ab760afc7b4132318c3"
  integrity sha512-MkrCvaZhTb1qZCjcDH73t5n43h0Kr0GS+30lpXZ9PAnHJZPqv+vhWFPK0ZsFe1XktbS0WOoDR4ED+lWm0Dw7Rg==
  dependencies:
    mnemonist "0.38.3"
    tslib "^2.3.1"

"@aws-sdk/fetch-http-handler@3.226.0":
  version "3.226.0"
  resolved "https://registry.yarnpkg.com/@aws-sdk/fetch-http-handler/-/fetch-http-handler-3.226.0.tgz#350f78fc18fe9cb0a889ef4870838a8fcfa8855c"
  integrity sha512-JewZPMNEBXfi1xVnRa7pVtK/zgZD8/lQ/YnD8pq79WuMa2cwyhDtr8oqCoqsPW+WJT5ScXoMtuHxN78l8eKWgg==
  dependencies:
    "@aws-sdk/protocol-http" "3.226.0"
    "@aws-sdk/querystring-builder" "3.226.0"
    "@aws-sdk/types" "3.226.0"
    "@aws-sdk/util-base64" "3.208.0"
    tslib "^2.3.1"

"@aws-sdk/hash-node@3.226.0":
  version "3.226.0"
  resolved "https://registry.yarnpkg.com/@aws-sdk/hash-node/-/hash-node-3.226.0.tgz#252d98bcbb1e13c8f26d9d416db03cf8cceac185"
  integrity sha512-MdlJhJ9/Espwd0+gUXdZRsHuostB2WxEVAszWxobP0FTT9PnicqnfK7ExmW+DUAc0ywxtEbR3e0UND65rlSTVw==
  dependencies:
    "@aws-sdk/types" "3.226.0"
    "@aws-sdk/util-buffer-from" "3.208.0"
    tslib "^2.3.1"

"@aws-sdk/invalid-dependency@3.226.0":
  version "3.226.0"
  resolved "https://registry.yarnpkg.com/@aws-sdk/invalid-dependency/-/invalid-dependency-3.226.0.tgz#74586f60859ed1813985e3d642066cc46d2e9d40"
  integrity sha512-QXOYFmap8g9QzRjumcRCIo2GEZkdCwd7ePQW0OABWPhKHzlJ74vvBxywjU3s39EEBEluWXtZ7Iufg6GxZM4ifw==
  dependencies:
    "@aws-sdk/types" "3.226.0"
    tslib "^2.3.1"

"@aws-sdk/is-array-buffer@3.201.0":
  version "3.201.0"
  resolved "https://registry.yarnpkg.com/@aws-sdk/is-array-buffer/-/is-array-buffer-3.201.0.tgz#06e557adc284fac2f26071c2944ae01f61b95854"
  integrity sha512-UPez5qLh3dNgt0DYnPD/q0mVJY84rA17QE26hVNOW3fAji8W2wrwrxdacWOxyXvlxWsVRcKmr+lay1MDqpAMfg==
  dependencies:
    tslib "^2.3.1"

"@aws-sdk/lib-dynamodb@^3.245.0":
  version "3.245.0"
  resolved "https://registry.yarnpkg.com/@aws-sdk/lib-dynamodb/-/lib-dynamodb-3.245.0.tgz#5c625ce33202444f7705e773ed04defc3f74c751"
  integrity sha512-+B2YEXuUlkv223NxJQ1/KIBwwZeCpWAZ4QZ4/A7oBIsfXRBS+6x/sdUt0om7Q327qAC1NOHdK5TUxZttVdgdoQ==
  dependencies:
    "@aws-sdk/util-dynamodb" "3.245.0"
    tslib "^2.3.1"

"@aws-sdk/middleware-content-length@3.226.0":
  version "3.226.0"
  resolved "https://registry.yarnpkg.com/@aws-sdk/middleware-content-length/-/middleware-content-length-3.226.0.tgz#6cc952049f6e3cdc3a3778c9dce9f2aee942b5fe"
  integrity sha512-ksUzlHJN2JMuyavjA46a4sctvnrnITqt2tbGGWWrAuXY1mel2j+VbgnmJUiwHKUO6bTFBBeft5Vd1TSOb4JmiA==
  dependencies:
    "@aws-sdk/protocol-http" "3.226.0"
    "@aws-sdk/types" "3.226.0"
    tslib "^2.3.1"

"@aws-sdk/middleware-endpoint-discovery@3.234.0":
  version "3.234.0"
  resolved "https://registry.yarnpkg.com/@aws-sdk/middleware-endpoint-discovery/-/middleware-endpoint-discovery-3.234.0.tgz#6469135242787fac7a9db3cd820ea3eede958913"
  integrity sha512-HNZJbxXrSJfITJjAisqrju7T4S7U186xcmYr28CZX9XQNm6fc/bxcqj+8JRntWsekiJYyTvQLIrKxiCaa+TA9A==
  dependencies:
    "@aws-sdk/config-resolver" "3.234.0"
    "@aws-sdk/endpoint-cache" "3.208.0"
    "@aws-sdk/protocol-http" "3.226.0"
    "@aws-sdk/types" "3.226.0"
    tslib "^2.3.1"

"@aws-sdk/middleware-endpoint@3.226.0":
  version "3.226.0"
  resolved "https://registry.yarnpkg.com/@aws-sdk/middleware-endpoint/-/middleware-endpoint-3.226.0.tgz#d776480be4b5a9534c2805b7425be05497f840b7"
  integrity sha512-EvLFafjtUxTT0AC9p3aBQu1/fjhWdIeK58jIXaNFONfZ3F8QbEYUPuF/SqZvJM6cWfOO9qwYKkRDbCSTYhprIg==
  dependencies:
    "@aws-sdk/middleware-serde" "3.226.0"
    "@aws-sdk/protocol-http" "3.226.0"
    "@aws-sdk/signature-v4" "3.226.0"
    "@aws-sdk/types" "3.226.0"
    "@aws-sdk/url-parser" "3.226.0"
    "@aws-sdk/util-config-provider" "3.208.0"
    "@aws-sdk/util-middleware" "3.226.0"
    tslib "^2.3.1"

"@aws-sdk/middleware-host-header@3.226.0":
  version "3.226.0"
  resolved "https://registry.yarnpkg.com/@aws-sdk/middleware-host-header/-/middleware-host-header-3.226.0.tgz#1e1ecb034929e0dbc532ae501fd93781438f9a24"
  integrity sha512-haVkWVh6BUPwKgWwkL6sDvTkcZWvJjv8AgC8jiQuSl8GLZdzHTB8Qhi3IsfFta9HAuoLjxheWBE5Z/L0UrfhLA==
  dependencies:
    "@aws-sdk/protocol-http" "3.226.0"
    "@aws-sdk/types" "3.226.0"
    tslib "^2.3.1"

"@aws-sdk/middleware-logger@3.226.0":
  version "3.226.0"
  resolved "https://registry.yarnpkg.com/@aws-sdk/middleware-logger/-/middleware-logger-3.226.0.tgz#37fd0e62f555befd526b03748c3aab60dcefecf3"
  integrity sha512-m9gtLrrYnpN6yckcQ09rV7ExWOLMuq8mMPF/K3DbL/YL0TuILu9i2T1W+JuxSX+K9FMG2HrLAKivE/kMLr55xA==
  dependencies:
    "@aws-sdk/types" "3.226.0"
    tslib "^2.3.1"

"@aws-sdk/middleware-recursion-detection@3.226.0":
  version "3.226.0"
  resolved "https://registry.yarnpkg.com/@aws-sdk/middleware-recursion-detection/-/middleware-recursion-detection-3.226.0.tgz#e149b9138e94d2fa70e7752ba6b1ccb537009706"
  integrity sha512-mwRbdKEUeuNH5TEkyZ5FWxp6bL2UC1WbY+LDv6YjHxmSMKpAoOueEdtU34PqDOLrpXXxIGHDFmjeGeMfktyEcA==
  dependencies:
    "@aws-sdk/protocol-http" "3.226.0"
    "@aws-sdk/types" "3.226.0"
    tslib "^2.3.1"

"@aws-sdk/middleware-retry@3.235.0":
  version "3.235.0"
  resolved "https://registry.yarnpkg.com/@aws-sdk/middleware-retry/-/middleware-retry-3.235.0.tgz#c0d938db85a771812204ed5e981eaf5eef6b580b"
  integrity sha512-50WHbJGpD3SNp9763MAlHqIhXil++JdQbKejNpHg7HsJne/ao3ub+fDOfx//mMBjpzBV25BGd5UlfL6blrClSg==
  dependencies:
    "@aws-sdk/protocol-http" "3.226.0"
    "@aws-sdk/service-error-classification" "3.229.0"
    "@aws-sdk/types" "3.226.0"
    "@aws-sdk/util-middleware" "3.226.0"
    "@aws-sdk/util-retry" "3.229.0"
    tslib "^2.3.1"
    uuid "^8.3.2"

"@aws-sdk/middleware-sdk-sts@3.226.0":
  version "3.226.0"
  resolved "https://registry.yarnpkg.com/@aws-sdk/middleware-sdk-sts/-/middleware-sdk-sts-3.226.0.tgz#e8a8cf42bba8963259546120cde1e408628863f9"
  integrity sha512-NN9T/qoSD1kZvAT+VLny3NnlqgylYQcsgV3rvi/8lYzw/G/2s8VS6sm/VTWGGZhx08wZRv20MWzYu3bftcyqUg==
  dependencies:
    "@aws-sdk/middleware-signing" "3.226.0"
    "@aws-sdk/property-provider" "3.226.0"
    "@aws-sdk/protocol-http" "3.226.0"
    "@aws-sdk/signature-v4" "3.226.0"
    "@aws-sdk/types" "3.226.0"
    tslib "^2.3.1"

"@aws-sdk/middleware-serde@3.226.0":
  version "3.226.0"
  resolved "https://registry.yarnpkg.com/@aws-sdk/middleware-serde/-/middleware-serde-3.226.0.tgz#c837ef33b34bec2af19a1c177a0c02a1ae20da5e"
  integrity sha512-nPuOOAkSfx9TxzdKFx0X2bDlinOxGrqD7iof926K/AEflxGD1DBdcaDdjlYlPDW2CVE8LV/rAgbYuLxh/E/1VA==
  dependencies:
    "@aws-sdk/types" "3.226.0"
    tslib "^2.3.1"

"@aws-sdk/middleware-signing@3.226.0":
  version "3.226.0"
  resolved "https://registry.yarnpkg.com/@aws-sdk/middleware-signing/-/middleware-signing-3.226.0.tgz#ebb1d142ac2767466f2e464bb7dba9837143b4d1"
  integrity sha512-E6HmtPcl+IjYDDzi1xI2HpCbBq2avNWcjvCriMZWuTAtRVpnA6XDDGW5GY85IfS3A8G8vuWqEVPr8JcYUcjfew==
  dependencies:
    "@aws-sdk/property-provider" "3.226.0"
    "@aws-sdk/protocol-http" "3.226.0"
    "@aws-sdk/signature-v4" "3.226.0"
    "@aws-sdk/types" "3.226.0"
    "@aws-sdk/util-middleware" "3.226.0"
    tslib "^2.3.1"

"@aws-sdk/middleware-stack@3.226.0":
  version "3.226.0"
  resolved "https://registry.yarnpkg.com/@aws-sdk/middleware-stack/-/middleware-stack-3.226.0.tgz#b0408370270188103987c457c758f9cf7651754f"
  integrity sha512-85wF29LvPvpoed60fZGDYLwv1Zpd/cM0C22WSSFPw1SSJeqO4gtFYyCg2squfT3KI6kF43IIkOCJ+L7GtryPug==
  dependencies:
    tslib "^2.3.1"

"@aws-sdk/middleware-user-agent@3.226.0":
  version "3.226.0"
  resolved "https://registry.yarnpkg.com/@aws-sdk/middleware-user-agent/-/middleware-user-agent-3.226.0.tgz#26653189f3e8da86514f77688a80d0ad445c0799"
  integrity sha512-N1WnfzCW1Y5yWhVAphf8OPGTe8Df3vmV7/LdsoQfmpkCZgLZeK2o0xITkUQhRj1mbw7yp8tVFLFV3R2lMurdAQ==
  dependencies:
    "@aws-sdk/protocol-http" "3.226.0"
    "@aws-sdk/types" "3.226.0"
    tslib "^2.3.1"

"@aws-sdk/node-config-provider@3.226.0":
  version "3.226.0"
  resolved "https://registry.yarnpkg.com/@aws-sdk/node-config-provider/-/node-config-provider-3.226.0.tgz#a9e21512ef824142bb928a0b2f85b39a75b8964d"
  integrity sha512-B8lQDqiRk7X5izFEUMXmi8CZLOKCTWQJU9HQf3ako+sF0gexo4nHN3jhoRWyLtcgC5S3on/2jxpAcqtm7kuY3w==
  dependencies:
    "@aws-sdk/property-provider" "3.226.0"
    "@aws-sdk/shared-ini-file-loader" "3.226.0"
    "@aws-sdk/types" "3.226.0"
    tslib "^2.3.1"

"@aws-sdk/node-http-handler@3.226.0":
  version "3.226.0"
  resolved "https://registry.yarnpkg.com/@aws-sdk/node-http-handler/-/node-http-handler-3.226.0.tgz#373886e949d214a99a3521bd6c141fa17b0e89fe"
  integrity sha512-xQCddnZNMiPmjr3W7HYM+f5ir4VfxgJh37eqZwX6EZmyItFpNNeVzKUgA920ka1VPz/ZUYB+2OFGiX3LCLkkaA==
  dependencies:
    "@aws-sdk/abort-controller" "3.226.0"
    "@aws-sdk/protocol-http" "3.226.0"
    "@aws-sdk/querystring-builder" "3.226.0"
    "@aws-sdk/types" "3.226.0"
    tslib "^2.3.1"

"@aws-sdk/property-provider@3.226.0":
  version "3.226.0"
  resolved "https://registry.yarnpkg.com/@aws-sdk/property-provider/-/property-provider-3.226.0.tgz#ef0ff37c319dc37a52f08fa7544f861308a3bbd8"
  integrity sha512-TsljjG+Sg0LmdgfiAlWohluWKnxB/k8xenjeozZfzOr5bHmNHtdbWv6BtNvD/R83hw7SFXxbJHlD5H4u9p2NFg==
  dependencies:
    "@aws-sdk/types" "3.226.0"
    tslib "^2.3.1"

"@aws-sdk/protocol-http@3.226.0":
  version "3.226.0"
  resolved "https://registry.yarnpkg.com/@aws-sdk/protocol-http/-/protocol-http-3.226.0.tgz#0af7bdc331508e556b722aad0cb78eefa93466e3"
  integrity sha512-zWkVqiTA9RXL6y0hhfZc9bcU4DX2NI6Hw9IhQmSPeM59mdbPjJlY4bLlMr5YxywqO3yQ/ylNoAfrEzrDjlOSRg==
  dependencies:
    "@aws-sdk/types" "3.226.0"
    tslib "^2.3.1"

"@aws-sdk/querystring-builder@3.226.0":
  version "3.226.0"
  resolved "https://registry.yarnpkg.com/@aws-sdk/querystring-builder/-/querystring-builder-3.226.0.tgz#11cd751abeac66f1f9349225454bac3e39808926"
  integrity sha512-LVurypuNeotO4lmirKXRC4NYrZRAyMJXuwO0f2a5ZAUJCjauwYrifKue6yCfU7bls7gut7nfcR6B99WBYpHs3g==
  dependencies:
    "@aws-sdk/types" "3.226.0"
    "@aws-sdk/util-uri-escape" "3.201.0"
    tslib "^2.3.1"

"@aws-sdk/querystring-parser@3.226.0":
  version "3.226.0"
  resolved "https://registry.yarnpkg.com/@aws-sdk/querystring-parser/-/querystring-parser-3.226.0.tgz#ba6a26727c98d46c95180e6cdc463039c5e4740d"
  integrity sha512-FzB+VrQ47KAFxiPt2YXrKZ8AOLZQqGTLCKHzx4bjxGmwgsjV8yIbtJiJhZLMcUQV4LtGeIY9ixIqQhGvnZHE4A==
  dependencies:
    "@aws-sdk/types" "3.226.0"
    tslib "^2.3.1"

"@aws-sdk/service-error-classification@3.229.0":
  version "3.229.0"
  resolved "https://registry.yarnpkg.com/@aws-sdk/service-error-classification/-/service-error-classification-3.229.0.tgz#768f1eb92775ca2cc99c6451a2303a0008a28fc1"
  integrity sha512-dnzWWQ0/NoWMUZ5C0DW3dPm0wC1O76Y/SpKbuJzWPkx1EYy6r8p32Ly4D9vUzrKDbRGf48YHIF2kOkBmu21CLg==

"@aws-sdk/shared-ini-file-loader@3.226.0":
  version "3.226.0"
  resolved "https://registry.yarnpkg.com/@aws-sdk/shared-ini-file-loader/-/shared-ini-file-loader-3.226.0.tgz#d0ade86834b1803ce4b9dcab459e57e0376fd6cf"
  integrity sha512-661VQefsARxVyyV2FX9V61V+nNgImk7aN2hYlFKla6BCwZfMng+dEtD0xVGyg1PfRw0qvEv5LQyxMVgHcUSevA==
  dependencies:
    "@aws-sdk/types" "3.226.0"
    tslib "^2.3.1"

"@aws-sdk/signature-v4@3.226.0":
  version "3.226.0"
  resolved "https://registry.yarnpkg.com/@aws-sdk/signature-v4/-/signature-v4-3.226.0.tgz#100390b5c5b55a9b0abd05b06fceb36cfa0ecf98"
  integrity sha512-/R5q5agdPd7HJB68XMzpxrNPk158EHUvkFkuRu5Qf3kkkHebEzWEBlWoVpUe6ss4rP9Tqcue6xPuaftEmhjpYw==
  dependencies:
    "@aws-sdk/is-array-buffer" "3.201.0"
    "@aws-sdk/types" "3.226.0"
    "@aws-sdk/util-hex-encoding" "3.201.0"
    "@aws-sdk/util-middleware" "3.226.0"
    "@aws-sdk/util-uri-escape" "3.201.0"
    tslib "^2.3.1"

"@aws-sdk/smithy-client@3.234.0":
  version "3.234.0"
  resolved "https://registry.yarnpkg.com/@aws-sdk/smithy-client/-/smithy-client-3.234.0.tgz#8f0021e021f0e52730ed0a8f271f839eb63bc374"
  integrity sha512-8AtR/k4vsFvjXeQbIzq/Wy7Nbk48Ou0wUEeVYPHWHPSU8QamFWORkOwmKtKMfHAyZvmqiAPeQqHFkq+UJhWyyQ==
  dependencies:
    "@aws-sdk/middleware-stack" "3.226.0"
    "@aws-sdk/types" "3.226.0"
    tslib "^2.3.1"

"@aws-sdk/token-providers@3.245.0":
  version "3.245.0"
  resolved "https://registry.yarnpkg.com/@aws-sdk/token-providers/-/token-providers-3.245.0.tgz#7c675bd88c3fc2bd32e8d760d04472a51f0202fc"
  integrity sha512-m/spXR/vEXGb+zMqRUMQYVMwFZSTdK5RkddYqamYkNhIoLm60EYeRu57JsMMs5djKi8dBRSKiXwVHx0l2rXMjg==
  dependencies:
    "@aws-sdk/client-sso-oidc" "3.245.0"
    "@aws-sdk/property-provider" "3.226.0"
    "@aws-sdk/shared-ini-file-loader" "3.226.0"
    "@aws-sdk/types" "3.226.0"
    tslib "^2.3.1"

"@aws-sdk/types@3.226.0", "@aws-sdk/types@^3.1.0", "@aws-sdk/types@^3.110.0", "@aws-sdk/types@^3.226.0":
  version "3.226.0"
  resolved "https://registry.yarnpkg.com/@aws-sdk/types/-/types-3.226.0.tgz#3dba2ba223fbb8ac1ebc84de0e036ce69a81d469"
  integrity sha512-MmmNHrWeO4man7wpOwrAhXlevqtOV9ZLcH4RhnG5LmRce0RFOApx24HoKENfFCcOyCm5LQBlsXCqi0dZWDWU0A==
  dependencies:
    tslib "^2.3.1"

"@aws-sdk/url-parser@3.226.0":
  version "3.226.0"
  resolved "https://registry.yarnpkg.com/@aws-sdk/url-parser/-/url-parser-3.226.0.tgz#f53d1f868b27fe74aca091a799f2af56237b15a2"
  integrity sha512-p5RLE0QWyP0OcTOLmFcLdVgUcUEzmEfmdrnOxyNzomcYb0p3vUagA5zfa1HVK2azsQJFBv28GfvMnba9bGhObg==
  dependencies:
    "@aws-sdk/querystring-parser" "3.226.0"
    "@aws-sdk/types" "3.226.0"
    tslib "^2.3.1"

"@aws-sdk/util-base64@3.208.0":
  version "3.208.0"
  resolved "https://registry.yarnpkg.com/@aws-sdk/util-base64/-/util-base64-3.208.0.tgz#36b430e5396251f761590f7c2f0c5c12193f353c"
  integrity sha512-PQniZph5A6N7uuEOQi+1hnMz/FSOK/8kMFyFO+4DgA1dZ5pcKcn5wiFwHkcTb/BsgVqQa3Jx0VHNnvhlS8JyTg==
  dependencies:
    "@aws-sdk/util-buffer-from" "3.208.0"
    tslib "^2.3.1"

"@aws-sdk/util-body-length-browser@3.188.0":
  version "3.188.0"
  resolved "https://registry.yarnpkg.com/@aws-sdk/util-body-length-browser/-/util-body-length-browser-3.188.0.tgz#e1d949318c10a621b38575a9ef01e39f9857ddb0"
  integrity sha512-8VpnwFWXhnZ/iRSl9mTf+VKOX9wDE8QtN4bj9pBfxwf90H1X7E8T6NkiZD3k+HubYf2J94e7DbeHs7fuCPW5Qg==
  dependencies:
    tslib "^2.3.1"

"@aws-sdk/util-body-length-node@3.208.0":
  version "3.208.0"
  resolved "https://registry.yarnpkg.com/@aws-sdk/util-body-length-node/-/util-body-length-node-3.208.0.tgz#baabd1fa1206ff2bd4ce3785122d86eb3258dd20"
  integrity sha512-3zj50e5g7t/MQf53SsuuSf0hEELzMtD8RX8C76f12OSRo2Bca4FLLYHe0TZbxcfQHom8/hOaeZEyTyMogMglqg==
  dependencies:
    tslib "^2.3.1"

"@aws-sdk/util-buffer-from@3.208.0":
  version "3.208.0"
  resolved "https://registry.yarnpkg.com/@aws-sdk/util-buffer-from/-/util-buffer-from-3.208.0.tgz#285e86f6dc9030148a4147d65239e75cb254a1b0"
  integrity sha512-7L0XUixNEFcLUGPeBF35enCvB9Xl+K6SQsmbrPk1P3mlV9mguWSDQqbOBwY1Ir0OVbD6H/ZOQU7hI/9RtRI0Zw==
  dependencies:
    "@aws-sdk/is-array-buffer" "3.201.0"
    tslib "^2.3.1"

"@aws-sdk/util-config-provider@3.208.0":
  version "3.208.0"
  resolved "https://registry.yarnpkg.com/@aws-sdk/util-config-provider/-/util-config-provider-3.208.0.tgz#c485fd83fbac051337e5f6be60ea3f9fa61c0139"
  integrity sha512-DSRqwrERUsT34ug+anlMBIFooBEGwM8GejC7q00Y/9IPrQy50KnG5PW2NiTjuLKNi7pdEOlwTSEocJE15eDZIg==
  dependencies:
    tslib "^2.3.1"

"@aws-sdk/util-defaults-mode-browser@3.234.0":
  version "3.234.0"
  resolved "https://registry.yarnpkg.com/@aws-sdk/util-defaults-mode-browser/-/util-defaults-mode-browser-3.234.0.tgz#1151f0beabdb46c1aaca42a1ad0714b8e686acaa"
  integrity sha512-IHMKXjTbOD8XMz5+2oCOsVP94BYb9YyjXdns0aAXr2NAo7k2+RCzXQ2DebJXppGda1F6opFutoKwyVSN0cmbMw==
  dependencies:
    "@aws-sdk/property-provider" "3.226.0"
    "@aws-sdk/types" "3.226.0"
    bowser "^2.11.0"
    tslib "^2.3.1"

"@aws-sdk/util-defaults-mode-node@3.234.0":
  version "3.234.0"
  resolved "https://registry.yarnpkg.com/@aws-sdk/util-defaults-mode-node/-/util-defaults-mode-node-3.234.0.tgz#0607f1dc7a4dc896dfcaf377522535ca9ffba7a9"
  integrity sha512-UGjQ+OjBYYhxFVtUY+jtr0ZZgzZh6OHtYwRhFt8IHewJXFCfZTyfsbX20szBj5y1S4HRIUJ7cwBLIytTqMbI5w==
  dependencies:
    "@aws-sdk/config-resolver" "3.234.0"
    "@aws-sdk/credential-provider-imds" "3.226.0"
    "@aws-sdk/node-config-provider" "3.226.0"
    "@aws-sdk/property-provider" "3.226.0"
    "@aws-sdk/types" "3.226.0"
    tslib "^2.3.1"

"@aws-sdk/util-dynamodb@3.245.0":
  version "3.245.0"
  resolved "https://registry.yarnpkg.com/@aws-sdk/util-dynamodb/-/util-dynamodb-3.245.0.tgz#e8c4fc08ae456b5bd71a986341316f06645f8c67"
  integrity sha512-Wx06Ey92DRRSQTFfpQs1DkHSoajcwVu2TLWTg07yHXgGxdi6EveJPNqh111ot5yzHGmzPIHas/IPZe3hDttzcw==
  dependencies:
    tslib "^2.3.1"

"@aws-sdk/util-endpoints@3.245.0":
  version "3.245.0"
  resolved "https://registry.yarnpkg.com/@aws-sdk/util-endpoints/-/util-endpoints-3.245.0.tgz#6e161e92b4e2b89bcd98c40909f3f266851c504d"
  integrity sha512-UNOFquB1tKx+8RT8n82Zb5tIwDyZHVPBg/m0LB0RsLETjr6krien5ASpqWezsXKIR1hftN9uaxN4bvf2dZrWHg==
  dependencies:
    "@aws-sdk/types" "3.226.0"
    tslib "^2.3.1"

"@aws-sdk/util-hex-encoding@3.201.0":
  version "3.201.0"
  resolved "https://registry.yarnpkg.com/@aws-sdk/util-hex-encoding/-/util-hex-encoding-3.201.0.tgz#21d7ec319240ee68c33d938e71cb79830bea315d"
  integrity sha512-7t1vR1pVxKx0motd3X9rI3m/xNp78p3sHtP5yo4NP4ARpxyJ0fokBomY8ScaH2D/B+U5o9ARxldJUdMqyBlJcA==
  dependencies:
    tslib "^2.3.1"

"@aws-sdk/util-locate-window@^3.0.0":
  version "3.208.0"
  resolved "https://registry.yarnpkg.com/@aws-sdk/util-locate-window/-/util-locate-window-3.208.0.tgz#0f598fc238a1256e4bcb64d01459f03a922dd4c3"
  integrity sha512-iua1A2+P7JJEDHVgvXrRJSvsnzG7stYSGQnBVphIUlemwl6nN5D+QrgbjECtrbxRz8asYFHSzhdhECqN+tFiBg==
  dependencies:
    tslib "^2.3.1"

"@aws-sdk/util-middleware@3.226.0":
  version "3.226.0"
  resolved "https://registry.yarnpkg.com/@aws-sdk/util-middleware/-/util-middleware-3.226.0.tgz#7069ae96e2e00f6bb82c722e073922fb2b051ca2"
  integrity sha512-B96CQnwX4gRvQdaQkdUtqvDPkrptV5+va6FVeJOocU/DbSYMAScLxtR3peMS8cnlOT6nL1Eoa42OI9AfZz1VwQ==
  dependencies:
    tslib "^2.3.1"

"@aws-sdk/util-retry@3.229.0":
  version "3.229.0"
  resolved "https://registry.yarnpkg.com/@aws-sdk/util-retry/-/util-retry-3.229.0.tgz#17aad47b067e81acf644d5c2c0f2325f2d8faf4f"
  integrity sha512-0zKTqi0P1inD0LzIMuXRIYYQ/8c1lWMg/cfiqUcIAF1TpatlpZuN7umU0ierpBFud7S+zDgg0oemh+Nj8xliJw==
  dependencies:
    "@aws-sdk/service-error-classification" "3.229.0"
    tslib "^2.3.1"

"@aws-sdk/util-uri-escape@3.201.0":
  version "3.201.0"
  resolved "https://registry.yarnpkg.com/@aws-sdk/util-uri-escape/-/util-uri-escape-3.201.0.tgz#5e708d4cde001a4558ee616f889ceacfadd2ab03"
  integrity sha512-TeTWbGx4LU2c5rx0obHeDFeO9HvwYwQtMh1yniBz00pQb6Qt6YVOETVQikRZ+XRQwEyCg/dA375UplIpiy54mA==
  dependencies:
    tslib "^2.3.1"

"@aws-sdk/util-user-agent-browser@3.226.0":
  version "3.226.0"
  resolved "https://registry.yarnpkg.com/@aws-sdk/util-user-agent-browser/-/util-user-agent-browser-3.226.0.tgz#164bb2da8d6353133784e47f0a0ae463bc9ebb73"
  integrity sha512-PhBIu2h6sPJPcv2I7ELfFizdl5pNiL4LfxrasMCYXQkJvVnoXztHA1x+CQbXIdtZOIlpjC+6BjDcE0uhnpvfcA==
  dependencies:
    "@aws-sdk/types" "3.226.0"
    bowser "^2.11.0"
    tslib "^2.3.1"

"@aws-sdk/util-user-agent-node@3.226.0":
  version "3.226.0"
  resolved "https://registry.yarnpkg.com/@aws-sdk/util-user-agent-node/-/util-user-agent-node-3.226.0.tgz#7569460b9efc6bbd5295275c51357e480ff469c2"
  integrity sha512-othPc5Dz/pkYkxH+nZPhc1Al0HndQT8zHD4e9h+EZ+8lkd8n+IsnLfTS/mSJWrfiC6UlNRVw55cItstmJyMe/A==
  dependencies:
    "@aws-sdk/node-config-provider" "3.226.0"
    "@aws-sdk/types" "3.226.0"
    tslib "^2.3.1"

"@aws-sdk/util-utf8-browser@3.188.0", "@aws-sdk/util-utf8-browser@^3.0.0":
  version "3.188.0"
  resolved "https://registry.yarnpkg.com/@aws-sdk/util-utf8-browser/-/util-utf8-browser-3.188.0.tgz#484762bd600401350e148277731d6744a4a92225"
  integrity sha512-jt627x0+jE+Ydr9NwkFstg3cUvgWh56qdaqAMDsqgRlKD21md/6G226z/Qxl7lb1VEW2LlmCx43ai/37Qwcj2Q==
  dependencies:
    tslib "^2.3.1"

"@aws-sdk/util-utf8-node@3.208.0":
  version "3.208.0"
  resolved "https://registry.yarnpkg.com/@aws-sdk/util-utf8-node/-/util-utf8-node-3.208.0.tgz#eba17de0f92f87b98481c2e2d0ceaa05c7994d67"
  integrity sha512-jKY87Acv0yWBdFxx6bveagy5FYjz+dtV8IPT7ay1E2WPWH1czoIdMAkc8tSInK31T6CRnHWkLZ1qYwCbgRfERQ==
  dependencies:
    "@aws-sdk/util-buffer-from" "3.208.0"
    tslib "^2.3.1"

"@aws-sdk/util-waiter@3.226.0":
  version "3.226.0"
  resolved "https://registry.yarnpkg.com/@aws-sdk/util-waiter/-/util-waiter-3.226.0.tgz#6715afd59748cbc610ddfbc5e21124b20a7e85ac"
  integrity sha512-qYQMRxnu5k8qQihJXoIWMkBOj0+XkHHj/drLdbRnwL6ni6NcG8++cs9M3DSjIcxmxgF/7SLpDjn1H3sC7cYo4g==
  dependencies:
    "@aws-sdk/abort-controller" "3.226.0"
    "@aws-sdk/types" "3.226.0"
    tslib "^2.3.1"

"@esbuild/android-arm64@0.16.16":
  version "0.16.16"
  resolved "https://registry.yarnpkg.com/@esbuild/android-arm64/-/android-arm64-0.16.16.tgz#833184b8a0a96f9c85105c53d0a67e6d3c5c3f07"
  integrity sha512-hFHVAzUKp9Tf8psGq+bDVv+6hTy1bAOoV/jJMUWwhUnIHsh6WbFMhw0ZTkqDuh7TdpffFoHOiIOIxmHc7oYRBQ==

"@esbuild/android-arm@0.16.16":
  version "0.16.16"
  resolved "https://registry.yarnpkg.com/@esbuild/android-arm/-/android-arm-0.16.16.tgz#23761b2fd1dfa4806161dbfc9e0824f04061cb95"
  integrity sha512-BUuWMlt4WSXod1HSl7aGK8fJOsi+Tab/M0IDK1V1/GstzoOpqc/v3DqmN8MkuapPKQ9Br1WtLAN4uEgWR8x64A==

"@esbuild/android-x64@0.16.16":
  version "0.16.16"
  resolved "https://registry.yarnpkg.com/@esbuild/android-x64/-/android-x64-0.16.16.tgz#ffa09f04c0ffea5b594ab7655fc9ca1220365e9b"
  integrity sha512-9WhxJpeb6XumlfivldxqmkJepEcELekmSw3NkGrs+Edq6sS5KRxtUBQuKYDD7KqP59dDkxVbaoPIQFKWQG0KLg==

"@esbuild/darwin-arm64@0.16.16":
  version "0.16.16"
  resolved "https://registry.yarnpkg.com/@esbuild/darwin-arm64/-/darwin-arm64-0.16.16.tgz#62ed2b4bfab594b9e5e708580361f1d059b53b26"
  integrity sha512-8Z+wld+vr/prHPi2O0X7o1zQOfMbXWGAw9hT0jEyU/l/Yrg+0Z3FO9pjPho72dVkZs4ewZk0bDOFLdZHm8jEfw==

"@esbuild/darwin-x64@0.16.16":
  version "0.16.16"
  resolved "https://registry.yarnpkg.com/@esbuild/darwin-x64/-/darwin-x64-0.16.16.tgz#e9756d34cd9b3737a5354e89ca0fdca32d8df64c"
  integrity sha512-CYkxVvkZzGCqFrt7EgjFxQKhlUPyDkuR9P0Y5wEcmJqVI8ncerOIY5Kej52MhZyzOBXkYrJgZeVZC9xXXoEg9A==

"@esbuild/freebsd-arm64@0.16.16":
  version "0.16.16"
  resolved "https://registry.yarnpkg.com/@esbuild/freebsd-arm64/-/freebsd-arm64-0.16.16.tgz#db7bce444d372e5a213a3f359c42aee3acc0dd45"
  integrity sha512-fxrw4BYqQ39z/3Ja9xj/a1gMsVq0xEjhSyI4a9MjfvDDD8fUV8IYliac96i7tzZc3+VytyXX+XNsnpEk5sw5Wg==

"@esbuild/freebsd-x64@0.16.16":
  version "0.16.16"
  resolved "https://registry.yarnpkg.com/@esbuild/freebsd-x64/-/freebsd-x64-0.16.16.tgz#02e8a81b7e56040b5eb883896de445a6cd3501f0"
  integrity sha512-8p3v1D+du2jiDvSoNVimHhj7leSfST9YlKsAEO7etBfuqjaBMndo0fmjNLp0JCMld+XIx9L80tooOkyUv1a1PQ==

"@esbuild/linux-arm64@0.16.16":
  version "0.16.16"
  resolved "https://registry.yarnpkg.com/@esbuild/linux-arm64/-/linux-arm64-0.16.16.tgz#ea8c3df172644fa6437f0083c2a38b50f89e5b98"
  integrity sha512-N3u6BBbCVY3xeP2D8Db7QY8I+nZ+2AgOopUIqk+5yCoLnsWkcVxD2ay5E9iIdvApFi1Vg1lZiiwaVp8bOpAc4A==

"@esbuild/linux-arm@0.16.16":
  version "0.16.16"
  resolved "https://registry.yarnpkg.com/@esbuild/linux-arm/-/linux-arm-0.16.16.tgz#c1c2e97e67bb7247e6f60e2644de057bfedb8cbb"
  integrity sha512-bYaocE1/PTMRmkgSckZ0D0Xn2nox8v2qlk+MVVqm+VECNKDdZvghVZtH41dNtBbwADSvA6qkCHGYeWm9LrNCBw==

"@esbuild/linux-ia32@0.16.16":
  version "0.16.16"
  resolved "https://registry.yarnpkg.com/@esbuild/linux-ia32/-/linux-ia32-0.16.16.tgz#9a0b0e926926f891a3e7f7c50bb38e3db49c2c9a"
  integrity sha512-dxjqLKUW8GqGemoRT9v8IgHk+T4tRm1rn1gUcArsp26W9EkK/27VSjBVUXhEG5NInHZ92JaQ3SSMdTwv/r9a2A==

"@esbuild/linux-loong64@0.16.16":
  version "0.16.16"
  resolved "https://registry.yarnpkg.com/@esbuild/linux-loong64/-/linux-loong64-0.16.16.tgz#c5a50ff5981d457ed45f42c3f06a60086759c79b"
  integrity sha512-MdUFggHjRiCCwNE9+1AibewoNq6wf94GLB9Q9aXwl+a75UlRmbRK3h6WJyrSGA6ZstDJgaD2wiTSP7tQNUYxwA==

"@esbuild/linux-mips64el@0.16.16":
  version "0.16.16"
  resolved "https://registry.yarnpkg.com/@esbuild/linux-mips64el/-/linux-mips64el-0.16.16.tgz#e85b7e3c25000be2ae373e5208e55e282a9763e0"
  integrity sha512-CO3YmO7jYMlGqGoeFeKzdwx/bx8Vtq/SZaMAi+ZLDUnDUdfC7GmGwXzIwDJ70Sg+P9pAemjJyJ1icKJ9R3q/Fg==

"@esbuild/linux-ppc64@0.16.16":
  version "0.16.16"
  resolved "https://registry.yarnpkg.com/@esbuild/linux-ppc64/-/linux-ppc64-0.16.16.tgz#24a0013bf727830df44fece571172ebe31b5c5e6"
  integrity sha512-DSl5Czh5hCy/7azX0Wl9IdzPHX2H8clC6G87tBnZnzUpNgRxPFhfmArbaHoAysu4JfqCqbB/33u/GL9dUgCBAw==

"@esbuild/linux-riscv64@0.16.16":
  version "0.16.16"
  resolved "https://registry.yarnpkg.com/@esbuild/linux-riscv64/-/linux-riscv64-0.16.16.tgz#b080998d8d0480e8235f1384c585ae505e98a19d"
  integrity sha512-sSVVMEXsqf1fQu0j7kkhXMViroixU5XoaJXl1u/u+jbXvvhhCt9YvA/B6VM3aM/77HuRQ94neS5bcisijGnKFQ==

"@esbuild/linux-s390x@0.16.16":
  version "0.16.16"
  resolved "https://registry.yarnpkg.com/@esbuild/linux-s390x/-/linux-s390x-0.16.16.tgz#5042de05b9b653dfd134f05e1b37b61704c14c42"
  integrity sha512-jRqBCre9gZGoCdCN/UWCCMwCMsOg65IpY9Pyj56mKCF5zXy9d60kkNRdDN6YXGjr3rzcC4DXnS/kQVCGcC4yPQ==

"@esbuild/linux-x64@0.16.16":
  version "0.16.16"
  resolved "https://registry.yarnpkg.com/@esbuild/linux-x64/-/linux-x64-0.16.16.tgz#b7c0750f2276c9dcf41f0f2229adca46ef22f698"
  integrity sha512-G1+09TopOzo59/55lk5Q0UokghYLyHTKKzD5lXsAOOlGDbieGEFJpJBr3BLDbf7cz89KX04sBeExAR/pL/26sA==

"@esbuild/netbsd-x64@0.16.16":
  version "0.16.16"
  resolved "https://registry.yarnpkg.com/@esbuild/netbsd-x64/-/netbsd-x64-0.16.16.tgz#e2a0ee181fbbe834174d26e24ce1b258232bb3eb"
  integrity sha512-xwjGJB5wwDEujLaJIrSMRqWkbigALpBNcsF9SqszoNKc+wY4kPTdKrSxiY5ik3IatojePP+WV108MvF6q6np4w==

"@esbuild/openbsd-x64@0.16.16":
  version "0.16.16"
  resolved "https://registry.yarnpkg.com/@esbuild/openbsd-x64/-/openbsd-x64-0.16.16.tgz#87a84c1932e00f52ab3380c31facf0e48086ffb9"
  integrity sha512-yeERkoxG2nR2oxO5n+Ms7MsCeNk23zrby2GXCqnfCpPp7KNc0vxaaacIxb21wPMfXXRhGBrNP4YLIupUBrWdlg==

"@esbuild/sunos-x64@0.16.16":
  version "0.16.16"
  resolved "https://registry.yarnpkg.com/@esbuild/sunos-x64/-/sunos-x64-0.16.16.tgz#996bcd2603cd345733c3aa5f52bfd5b8fa7d1d36"
  integrity sha512-nHfbEym0IObXPhtX6Va3H5GaKBty2kdhlAhKmyCj9u255ktAj0b1YACUs9j5H88NRn9cJCthD1Ik/k9wn8YKVg==

"@esbuild/win32-arm64@0.16.16":
  version "0.16.16"
  resolved "https://registry.yarnpkg.com/@esbuild/win32-arm64/-/win32-arm64-0.16.16.tgz#404a9411d12533d0f2ce0a85df6ddb32e851ef04"
  integrity sha512-pdD+M1ZOFy4hE15ZyPX09fd5g4DqbbL1wXGY90YmleVS6Y5YlraW4BvHjim/X/4yuCpTsAFvsT4Nca2lbyDH/A==

"@esbuild/win32-ia32@0.16.16":
  version "0.16.16"
  resolved "https://registry.yarnpkg.com/@esbuild/win32-ia32/-/win32-ia32-0.16.16.tgz#bb5655a48f5f87fee870061883411f5149bc5e44"
  integrity sha512-IPEMfU9p0c3Vb8PqxaPX6BM9rYwlTZGYOf9u+kMdhoILZkVKEjq6PKZO0lB+isojWwAnAqh4ZxshD96njTXajg==

"@esbuild/win32-x64@0.16.16":
  version "0.16.16"
  resolved "https://registry.yarnpkg.com/@esbuild/win32-x64/-/win32-x64-0.16.16.tgz#ee22fed0b2e0c00ce895cdfae9d32ef069a12e04"
  integrity sha512-1YYpoJ39WV/2bnShPwgdzJklc+XS0bysN6Tpnt1cWPdeoKOG4RMEY1g7i534QxXX/rPvNx/NLJQTTCeORYzipg==

"@types/aws-lambda@^8.10.109":
  version "8.10.109"
  resolved "https://registry.yarnpkg.com/@types/aws-lambda/-/aws-lambda-8.10.109.tgz#2f434cbfafe083529e365fe9c114787827a169a8"
  integrity sha512-/ME92FneNyXQzrAfcnQQlW1XkCZGPDlpi2ao1MJwecN+6SbeonKeggU8eybv1DfKli90FAVT1MlIZVXfwVuCyg==

"@types/node@^18.11.18":
  version "18.11.18"
  resolved "https://registry.yarnpkg.com/@types/node/-/node-18.11.18.tgz#8dfb97f0da23c2293e554c5a50d61ef134d7697f"
  integrity sha512-DHQpWGjyQKSHj3ebjFI/wRKcqQcdR+MoFBygntYOZytCqNfkd2ZC4ARDJ2DQqhjH5p85Nnd3jhUJIXrszFX/JA==

bowser@^2.11.0:
  version "2.11.0"
  resolved "https://registry.yarnpkg.com/bowser/-/bowser-2.11.0.tgz#5ca3c35757a7aa5771500c70a73a9f91ef420a8f"
  integrity sha512-AlcaJBi/pqqJBIQ8U9Mcpc9i8Aqxn88Skv5d+xBX006BY5u8N3mGLHa5Lgppa7L/HfwgwLgZ6NYs+Ag6uUmJRA==

esbuild@^0.16.16:
  version "0.16.16"
  resolved "https://registry.yarnpkg.com/esbuild/-/esbuild-0.16.16.tgz#e8a27820a30cc1449066f9bbe8916b145dbc9046"
  integrity sha512-24JyKq10KXM5EBIgPotYIJ2fInNWVVqflv3gicIyQqfmUqi4HvDW1VR790cBgLJHCl96Syy7lhoz7tLFcmuRmg==
  optionalDependencies:
    "@esbuild/android-arm" "0.16.16"
    "@esbuild/android-arm64" "0.16.16"
    "@esbuild/android-x64" "0.16.16"
    "@esbuild/darwin-arm64" "0.16.16"
    "@esbuild/darwin-x64" "0.16.16"
    "@esbuild/freebsd-arm64" "0.16.16"
    "@esbuild/freebsd-x64" "0.16.16"
    "@esbuild/linux-arm" "0.16.16"
    "@esbuild/linux-arm64" "0.16.16"
    "@esbuild/linux-ia32" "0.16.16"
    "@esbuild/linux-loong64" "0.16.16"
    "@esbuild/linux-mips64el" "0.16.16"
    "@esbuild/linux-ppc64" "0.16.16"
    "@esbuild/linux-riscv64" "0.16.16"
    "@esbuild/linux-s390x" "0.16.16"
    "@esbuild/linux-x64" "0.16.16"
    "@esbuild/netbsd-x64" "0.16.16"
    "@esbuild/openbsd-x64" "0.16.16"
    "@esbuild/sunos-x64" "0.16.16"
    "@esbuild/win32-arm64" "0.16.16"
    "@esbuild/win32-ia32" "0.16.16"
    "@esbuild/win32-x64" "0.16.16"

fast-xml-parser@4.0.11:
  version "4.0.11"
  resolved "https://registry.yarnpkg.com/fast-xml-parser/-/fast-xml-parser-4.0.11.tgz#42332a9aca544520631c8919e6ea871c0185a985"
  integrity sha512-4aUg3aNRR/WjQAcpceODG1C3x3lFANXRo8+1biqfieHmg9pyMt7qB4lQV/Ta6sJCTbA5vfD8fnA8S54JATiFUA==
  dependencies:
    strnum "^1.0.5"

mnemonist@0.38.3:
  version "0.38.3"
  resolved "https://registry.yarnpkg.com/mnemonist/-/mnemonist-0.38.3.tgz#35ec79c1c1f4357cfda2fe264659c2775ccd7d9d"
  integrity sha512-2K9QYubXx/NAjv4VLq1d1Ly8pWNC5L3BrixtdkyTegXWJIqY+zLNDhhX/A+ZwWt70tB1S8H4BE8FLYEFyNoOBw==
  dependencies:
    obliterator "^1.6.1"

obliterator@^1.6.1:
  version "1.6.1"
  resolved "https://registry.yarnpkg.com/obliterator/-/obliterator-1.6.1.tgz#dea03e8ab821f6c4d96a299e17aef6a3af994ef3"
  integrity sha512-9WXswnqINnnhOG/5SLimUlzuU1hFJUc8zkwyD59Sd+dPOMf05PmnYG/d6Q7HZ+KmgkZJa1PxRso6QdM3sTNHig==

strnum@^1.0.5:
  version "1.0.5"
  resolved "https://registry.yarnpkg.com/strnum/-/strnum-1.0.5.tgz#5c4e829fe15ad4ff0d20c3db5ac97b73c9b072db"
  integrity sha512-J8bbNyKKXl5qYcR36TIO8W3mVGVHrmmxsd5PAItGkmyzwJvybiw2IVq5nqd0i4LSNSkB/sx9VHllbfFdr9k1JA==

tslib@^1.11.1:
  version "1.14.1"
  resolved "https://registry.yarnpkg.com/tslib/-/tslib-1.14.1.tgz#cf2d38bdc34a134bcaf1091c41f6619e2f672d00"
  integrity sha512-Xni35NKzjgMrwevysHTCArtLDpPvye8zV/0E4EyYn43P7/7qvQwPh9BGkHewbMulVntbigmcT7rdX3BNo9wRJg==

tslib@^2.3.1:
  version "2.4.1"
  resolved "https://registry.yarnpkg.com/tslib/-/tslib-2.4.1.tgz#0d0bfbaac2880b91e22df0768e55be9753a5b17e"
  integrity sha512-tGyy4dAjRIEwI7BzsB0lynWgOpfqjUdq91XXAlIWD2OwKBH7oCl/GZG/HT4BOHrTlPMOASlMQ7veyTqpmRcrNA==

typescript@^4.9.4:
  version "4.9.4"
  resolved "https://registry.yarnpkg.com/typescript/-/typescript-4.9.4.tgz#a2a3d2756c079abda241d75f149df9d561091e78"
  integrity sha512-Uz+dTXYzxXXbsFpM86Wh3dKCxrQqUcVMxwU54orwlJjOpO3ao8L7j5lH+dWfTwgCwIuM9GQ2kvVotzYJMXTBZg==

uuid@^8.3.2:
  version "8.3.2"
  resolved "https://registry.yarnpkg.com/uuid/-/uuid-8.3.2.tgz#80d5b5ced271bb9af6c445f21a1a04c606cefbe2"
  integrity sha512-+NYs2QeMWy+GWFOEm9xnn6HCDp0l7QBD7ml8zLUmJ+93Q5NF0NocErnwkTkXVFNiX3/fpC6afS8Dhb/gz7R7eg==
